
Microsoft Visual Studio Solution File, Format Version 12.00
# Visual Studio Version 16
VisualStudioVersion = 16.0.31624.102
MinimumVisualStudioVersion = 10.0.40219.1
Project("{FAE04EC0-301F-11D3-BF4B-00C04F79EFBC}") = "ReadLine", "ReadLine\ReadLine.csproj", "{DB47EA03-763C-4BBA-9E14-42B605CF693C}"
EndProject
Global
	GlobalSection(SolutionConfigurationPlatforms) = preSolution
		Debug|Any CPU = Debug|Any CPU
		Release|Any CPU = Release|Any CPU
	EndGlobalSection
	GlobalSection(ProjectConfigurationPlatforms) = postSolution
		{DB47EA03-763C-4BBA-9E14-42B605CF693C}.Debug|Any CPU.ActiveCfg = Debug|Any CPU
		{DB47EA03-763C-4BBA-9E14-42B605CF693C}.Debug|Any CPU.Build.0 = Debug|Any CPU
		{DB47EA03-763C-4BBA-9E14-42B605CF693C}.Release|Any CPU.ActiveCfg = Release|Any CPU
		{DB47EA03-763C-4BBA-9E14-42B605CF693C}.Release|Any CPU.Build.0 = Release|Any CPU
	EndGlobalSection
	GlobalSection(SolutionProperties) = preSolution
		HideSolutionNode = FALSE
	EndGlobalSection
	GlobalSection(ExtensibilityGlobals) = postSolution
		SolutionGuid = {58A7DE9A-0B04-4BA7-A3A2-EFDDC0E241F5}
	EndGlobalSection
EndGlobal
